{
  "version": 4,
  "terraform_version": "1.3.7",
  "serial": 19,
  "lineage": "8c9c97fd-a4e1-82de-441f-8b6ffe042b1e",
  "outputs": {
    "jenkins_ip": {
      "value": "104.248.114.92",
      "type": "string"
    }
  },
  "resources": [
    {
      "mode": "data",
      "type": "digitalocean_ssh_key",
      "name": "ssh_key",
      "provider": "provider[\"registry.terraform.io/digitalocean/digitalocean\"]",
      "instances": [
        {
          "schema_version": 0,
          "attributes": {
            "fingerprint": "de:4e:5d:55:b7:a1:29:f0:c6:a1:19:b4:2b:8a:48:11",
            "id": 37358458,
            "name": "jornada",
            "public_key": "ssh-rsa AAAAB3NzaC1yc2EAAAADAQABAAABAQC+IGALgfOwEWkoC+nZvJ4xWsaRJGdbuOxp0c5GlEL+766nJnjOBDsy86DMASK+72IQeoCxWLZCz3HqidCOGxgKFRhMm/IYGp0kBH1XbWJXbVJu05+tHNBXM1x3lRKsWcmw5ZuXUivt0LRe6inZv9umHRyNtcQrItvW2K4w40vRnHPaVsptH+zRDXvL7mbL9qzCq6HxDPQgHcMdGe6nPiTsc4fN4qrlog67vGLw11R8VR2zsnxzfPSZzFNled8d5slF4clfLbh+hSjZtk45Zu1boXlfzTaoGXAzoGwkgILxmvOlihMayH05Vxq84PVguqULAEbWGrZ9qFCn4jN0k4aZ zeedu@Eduardo"
          },
          "sensitive_attributes": []
        }
      ]
    },
    {
      "mode": "managed",
      "type": "digitalocean_droplet",
      "name": "jenkins",
      "provider": "provider[\"registry.terraform.io/digitalocean/digitalocean\"]",
      "instances": [
        {
          "schema_version": 1,
          "attributes": {
            "backups": false,
            "created_at": "2023-01-26T23:37:22Z",
            "disk": 60,
            "droplet_agent": null,
            "graceful_shutdown": false,
            "id": "337729774",
            "image": "ubuntu-22-04-x64",
            "ipv4_address": "104.248.114.92",
            "ipv4_address_private": "10.116.0.2",
            "ipv6": false,
            "ipv6_address": "",
            "locked": false,
            "memory": 2048,
            "monitoring": false,
            "name": "jenkins-vm",
            "price_hourly": 0.02679,
            "price_monthly": 18,
            "private_networking": true,
            "region": "nyc1",
            "resize_disk": true,
            "size": "s-2vcpu-2gb",
            "ssh_keys": [
              "37358458"
            ],
            "status": "active",
            "tags": [],
            "timeouts": null,
            "urn": "do:droplet:337729774",
            "user_data": null,
            "vcpus": 2,
            "volume_ids": [],
            "vpc_uuid": "3e4f2d3f-2c83-480d-b704-366f420f74a6"
          },
          "sensitive_attributes": [],
          "private": "eyJlMmJmYjczMC1lY2FhLTExZTYtOGY4OC0zNDM2M2JjN2M0YzAiOnsiY3JlYXRlIjozNjAwMDAwMDAwMDAwLCJkZWxldGUiOjYwMDAwMDAwMDAwLCJ1cGRhdGUiOjM2MDAwMDAwMDAwMDB9LCJzY2hlbWFfdmVyc2lvbiI6IjEifQ==",
          "dependencies": [
            "data.digitalocean_ssh_key.ssh_key"
          ]
        }
      ]
    },
    {
      "mode": "managed",
      "type": "digitalocean_kubernetes_cluster",
      "name": "k8s",
      "provider": "provider[\"registry.terraform.io/digitalocean/digitalocean\"]",
      "instances": [
        {
          "schema_version": 3,
          "attributes": {
            "auto_upgrade": false,
            "cluster_subnet": "10.244.0.0/16",
            "created_at": "2023-01-26 23:46:30 +0000 UTC",
            "endpoint": "https://1b0a190f-d0f4-46ed-ba15-bc31eb93f81b.k8s.ondigitalocean.com",
            "ha": false,
            "id": "1b0a190f-d0f4-46ed-ba15-bc31eb93f81b",
            "ipv4_address": "",
            "kube_config": [
              {
                "client_certificate": "",
                "client_key": "",
                "cluster_ca_certificate": "LS0tLS1CRUdJTiBDRVJUSUZJQ0FURS0tLS0tCk1JSURKekNDQWcrZ0F3SUJBZ0lDQm5Vd0RRWUpLb1pJaHZjTkFRRUxCUUF3TXpFVk1CTUdBMVVFQ2hNTVJHbG4KYVhSaGJFOWpaV0Z1TVJvd0dBWURWUVFERXhGck9ITmhZWE1nUTJ4MWMzUmxjaUJEUVRBZUZ3MHlNekF4TWpZeQpNelEyTXpSYUZ3MDBNekF4TWpZeU16UTJNelJhTURNeEZUQVRCZ05WQkFvVERFUnBaMmwwWVd4UFkyVmhiakVhCk1CZ0dBMVVFQXhNUmF6aHpZV0Z6SUVOc2RYTjBaWElnUTBFd2dnRWlNQTBHQ1NxR1NJYjNEUUVCQVFVQUE0SUIKRHdBd2dnRUtBb0lCQVFDNE9BK2ZwNUF4cjc2S0lTRlNwSHM1MXBpaUhYaFR0Z1FMZU1vcXFrSVMvVE53dWFKbgpuWFB5SnlsNE5kRFBsTEJnUU9rZDE1RjF3eW9mN1IxbnhYcW9hYzdQSURJazFNYnE0T3VGc0JlWi9sZDVMK3VOClFIZWVXZXlmM3JwRHBTNlcwT3A0Q3JTb0Exbmh5M0RDVkp5UW9kS1lveUNwT2NveXI3NWlReHhnRFpDekFWa3EKYjBnRU1yYlIxRGJJbFlVU2R2anJSZVRmUzN1M2tSQWs0Zlc5MnVuOEZtMGJjNk4remZGZWhFcURZZDIzaW9rdQpOZ0JVd25kSGU2TWNhekFTQ1IzS0F2aHFHcWVVbXJyaWJCVzVDRUYvYkxVM1laeGMxRDhlT29FU3pQTUxFRXdFCmhLcXF3djVmeVNZbGFTU0ZWclJoNzZiS0pkYndhQjZOend0bkFnTUJBQUdqUlRCRE1BNEdBMVVkRHdFQi93UUUKQXdJQmhqQVNCZ05WSFJNQkFmOEVDREFHQVFIL0FnRUFNQjBHQTFVZERnUVdCQlMzRkJ6cG43MFdWMlUvUHNoMQo5bTJzdmN4TkpqQU5CZ2txaGtpRzl3MEJBUXNGQUFPQ0FRRUFGUmhzVHFNUlgyZEtWZHFuRWxETFZsL3oxdTRmCml6RUxkVllMRDNSaHNnUGhuam0zdTVzT3JGNFJzWmdZQlM5QmJrRE9LTkNFUjZzWkc3am41Y1Zoc3h6TWx1SEUKQXp6bmFRRXl6OGhuZU1rL3N0NzQ2aFBTSGVhSmd0RFlSZnRDQ21VNHN6SVZaTTczajdoSndsK05kZW4wLzQyQwpMTFBrR000cVJLc3k5ajJRYXNRMlZaVVhYK1NJNktTVkJJdzZpTmR6a09VNkszazlVZ2x3aStrRkkyZUswTHJJCjl5MzRkWGphVVhoWVhQQmIxV2QrTjR2WmRtSTU0R1IyS1VkVm9Ybmw1M3pWYTgrZmFEZ3FiQjMzcTQ4aGRnUk0KU2Y0V3dRV0FrTWRhcVZ5ZHRvaDJEVzBGZ0tQVXV4bytqdm85V1FPa1pVSVB2MzRlRzc5VUJIM29kUT09Ci0tLS0tRU5EIENFUlRJRklDQVRFLS0tLS0K",
                "expires_at": "2023-02-02T23:51:21Z",
                "host": "https://1b0a190f-d0f4-46ed-ba15-bc31eb93f81b.k8s.ondigitalocean.com",
                "raw_config": "apiVersion: v1\nkind: Config\nclusters:\n- cluster:\n    certificate-authority-data: LS0tLS1CRUdJTiBDRVJUSUZJQ0FURS0tLS0tCk1JSURKekNDQWcrZ0F3SUJBZ0lDQm5Vd0RRWUpLb1pJaHZjTkFRRUxCUUF3TXpFVk1CTUdBMVVFQ2hNTVJHbG4KYVhSaGJFOWpaV0Z1TVJvd0dBWURWUVFERXhGck9ITmhZWE1nUTJ4MWMzUmxjaUJEUVRBZUZ3MHlNekF4TWpZeQpNelEyTXpSYUZ3MDBNekF4TWpZeU16UTJNelJhTURNeEZUQVRCZ05WQkFvVERFUnBaMmwwWVd4UFkyVmhiakVhCk1CZ0dBMVVFQXhNUmF6aHpZV0Z6SUVOc2RYTjBaWElnUTBFd2dnRWlNQTBHQ1NxR1NJYjNEUUVCQVFVQUE0SUIKRHdBd2dnRUtBb0lCQVFDNE9BK2ZwNUF4cjc2S0lTRlNwSHM1MXBpaUhYaFR0Z1FMZU1vcXFrSVMvVE53dWFKbgpuWFB5SnlsNE5kRFBsTEJnUU9rZDE1RjF3eW9mN1IxbnhYcW9hYzdQSURJazFNYnE0T3VGc0JlWi9sZDVMK3VOClFIZWVXZXlmM3JwRHBTNlcwT3A0Q3JTb0Exbmh5M0RDVkp5UW9kS1lveUNwT2NveXI3NWlReHhnRFpDekFWa3EKYjBnRU1yYlIxRGJJbFlVU2R2anJSZVRmUzN1M2tSQWs0Zlc5MnVuOEZtMGJjNk4remZGZWhFcURZZDIzaW9rdQpOZ0JVd25kSGU2TWNhekFTQ1IzS0F2aHFHcWVVbXJyaWJCVzVDRUYvYkxVM1laeGMxRDhlT29FU3pQTUxFRXdFCmhLcXF3djVmeVNZbGFTU0ZWclJoNzZiS0pkYndhQjZOend0bkFnTUJBQUdqUlRCRE1BNEdBMVVkRHdFQi93UUUKQXdJQmhqQVNCZ05WSFJNQkFmOEVDREFHQVFIL0FnRUFNQjBHQTFVZERnUVdCQlMzRkJ6cG43MFdWMlUvUHNoMQo5bTJzdmN4TkpqQU5CZ2txaGtpRzl3MEJBUXNGQUFPQ0FRRUFGUmhzVHFNUlgyZEtWZHFuRWxETFZsL3oxdTRmCml6RUxkVllMRDNSaHNnUGhuam0zdTVzT3JGNFJzWmdZQlM5QmJrRE9LTkNFUjZzWkc3am41Y1Zoc3h6TWx1SEUKQXp6bmFRRXl6OGhuZU1rL3N0NzQ2aFBTSGVhSmd0RFlSZnRDQ21VNHN6SVZaTTczajdoSndsK05kZW4wLzQyQwpMTFBrR000cVJLc3k5ajJRYXNRMlZaVVhYK1NJNktTVkJJdzZpTmR6a09VNkszazlVZ2x3aStrRkkyZUswTHJJCjl5MzRkWGphVVhoWVhQQmIxV2QrTjR2WmRtSTU0R1IyS1VkVm9Ybmw1M3pWYTgrZmFEZ3FiQjMzcTQ4aGRnUk0KU2Y0V3dRV0FrTWRhcVZ5ZHRvaDJEVzBGZ0tQVXV4bytqdm85V1FPa1pVSVB2MzRlRzc5VUJIM29kUT09Ci0tLS0tRU5EIENFUlRJRklDQVRFLS0tLS0K\n    server: https://1b0a190f-d0f4-46ed-ba15-bc31eb93f81b.k8s.ondigitalocean.com\n  name: do-nyc1-k8s\ncontexts:\n- context:\n    cluster: do-nyc1-k8s\n    user: do-nyc1-k8s-admin\n  name: do-nyc1-k8s\ncurrent-context: do-nyc1-k8s\nusers:\n- name: do-nyc1-k8s-admin\n  user:\n    token: dop_v1_bd131c3cf9ccf439a65697450c012193253a6fe2be46951c1f12d5a5ca34bd14\n",
                "token": "dop_v1_bd131c3cf9ccf439a65697450c012193253a6fe2be46951c1f12d5a5ca34bd14"
              }
            ],
            "maintenance_policy": [
              {
                "day": "any",
                "duration": "4h0m0s",
                "start_time": "2:00"
              }
            ],
            "name": "k8s",
            "node_pool": [
              {
                "actual_node_count": 2,
                "auto_scale": false,
                "id": "b95fc225-e282-42ea-8f2a-426bd1bc107b",
                "labels": {},
                "max_nodes": 0,
                "min_nodes": 0,
                "name": "default",
                "node_count": 2,
                "nodes": [
                  {
                    "created_at": "2023-01-26 23:46:30 +0000 UTC",
                    "droplet_id": "337730606",
                    "id": "adb03780-8218-45c6-a26c-d9d1ccc0106c",
                    "name": "default-m92kp",
                    "status": "running",
                    "updated_at": "2023-01-26 23:47:54 +0000 UTC"
                  },
                  {
                    "created_at": "2023-01-26 23:46:30 +0000 UTC",
                    "droplet_id": "337730607",
                    "id": "a6f55c34-49db-4cd9-9ec5-0ffa2f0157f8",
                    "name": "default-m92ks",
                    "status": "running",
                    "updated_at": "2023-01-26 23:47:54 +0000 UTC"
                  }
                ],
                "size": "s-2vcpu-2gb",
                "tags": [],
                "taint": []
              }
            ],
            "region": "nyc1",
            "service_subnet": "10.245.0.0/16",
            "status": "running",
            "surge_upgrade": true,
            "tags": [],
            "timeouts": null,
            "updated_at": "2023-01-26 23:51:13 +0000 UTC",
            "urn": "do:kubernetes:1b0a190f-d0f4-46ed-ba15-bc31eb93f81b",
            "version": "1.25.4-do.0",
            "vpc_uuid": "3e4f2d3f-2c83-480d-b704-366f420f74a6"
          },
          "sensitive_attributes": [],
          "private": "eyJlMmJmYjczMC1lY2FhLTExZTYtOGY4OC0zNDM2M2JjN2M0YzAiOnsiY3JlYXRlIjoxODAwMDAwMDAwMDAwfSwic2NoZW1hX3ZlcnNpb24iOiIzIn0="
        }
      ]
    }
  ],
  "check_results": null
}
